
Microsoft Visual Studio Solution File, Format Version 12.00
# Visual Studio Version 16
VisualStudioVersion = 16.0.30413.136
MinimumVisualStudioVersion = 10.0.40219.1
Project("{FAE04EC0-301F-11D3-BF4B-00C04F79EFBC}") = "GUI_QLBanHang", "frmMain\GUI_QLBanHang.csproj", "{A7168165-16AE-4D56-9C53-F79E71BA5AE4}"
EndProject
Project("{FAE04EC0-301F-11D3-BF4B-00C04F79EFBC}") = "DTO_QLBanHang", "DTO_QLBanHang\DTO_QLBanHang.csproj", "{8623DF74-BDE6-47BA-9635-6218CA0B7297}"
EndProject
Project("{FAE04EC0-301F-11D3-BF4B-00C04F79EFBC}") = "BUS_QLBanHang", "BUS_QLBanHang\BUS_QLBanHang.csproj", "{B36B618D-5BD5-4AD1-9F3A-2FF157D78EC3}"
EndProject
Project("{FAE04EC0-301F-11D3-BF4B-00C04F79EFBC}") = "DAL_QLBanHang", "DAL_QLBanHang\DAL_QLBanHang.csproj", "{90ABA860-E512-4945-B527-0A738F263A30}"
EndProject
Global
	GlobalSection(SolutionConfigurationPlatforms) = preSolution
		Debug|Any CPU = Debug|Any CPU
		Release|Any CPU = Release|Any CPU
	EndGlobalSection
	GlobalSection(ProjectConfigurationPlatforms) = postSolution
		{A7168165-16AE-4D56-9C53-F79E71BA5AE4}.Debug|Any CPU.ActiveCfg = Debug|Any CPU
		{A7168165-16AE-4D56-9C53-F79E71BA5AE4}.Debug|Any CPU.Build.0 = Debug|Any CPU
		{A7168165-16AE-4D56-9C53-F79E71BA5AE4}.Release|Any CPU.ActiveCfg = Release|Any CPU
		{A7168165-16AE-4D56-9C53-F79E71BA5AE4}.Release|Any CPU.Build.0 = Release|Any CPU
		{8623DF74-BDE6-47BA-9635-6218CA0B7297}.Debug|Any CPU.ActiveCfg = Debug|Any CPU
		{8623DF74-BDE6-47BA-9635-6218CA0B7297}.Debug|Any CPU.Build.0 = Debug|Any CPU
		{8623DF74-BDE6-47BA-9635-6218CA0B7297}.Release|Any CPU.ActiveCfg = Release|Any CPU
		{8623DF74-BDE6-47BA-9635-6218CA0B7297}.Release|Any CPU.Build.0 = Release|Any CPU
		{B36B618D-5BD5-4AD1-9F3A-2FF157D78EC3}.Debug|Any CPU.ActiveCfg = Debug|Any CPU
		{B36B618D-5BD5-4AD1-9F3A-2FF157D78EC3}.Debug|Any CPU.Build.0 = Debug|Any CPU
		{B36B618D-5BD5-4AD1-9F3A-2FF157D78EC3}.Release|Any CPU.ActiveCfg = Release|Any CPU
		{B36B618D-5BD5-4AD1-9F3A-2FF157D78EC3}.Release|Any CPU.Build.0 = Release|Any CPU
		{90ABA860-E512-4945-B527-0A738F263A30}.Debug|Any CPU.ActiveCfg = Debug|Any CPU
		{90ABA860-E512-4945-B527-0A738F263A30}.Debug|Any CPU.Build.0 = Debug|Any CPU
		{90ABA860-E512-4945-B527-0A738F263A30}.Release|Any CPU.ActiveCfg = Release|Any CPU
		{90ABA860-E512-4945-B527-0A738F263A30}.Release|Any CPU.Build.0 = Release|Any CPU
	EndGlobalSection
	GlobalSection(SolutionProperties) = preSolution
		HideSolutionNode = FALSE
	EndGlobalSection
	GlobalSection(ExtensibilityGlobals) = postSolution
		SolutionGuid = {32075F40-55A7-4491-967C-EA22A7C5DBD5}
	EndGlobalSection
EndGlobal
